{
    "_meta": {
        "hash": {
            "sha256": "0d293fb478c67b9ac6feb9f5472b44e102e45c27d958736a568d93bbb217a36b"
        },
        "pipfile-spec": 6,
        "requires": {
            "python_version": "3.6"
        },
        "sources": [
            {
                "name": "pypi",
                "url": "https://pypi.org/simple",
                "verify_ssl": true
            }
        ]
    },
    "default": {
        "certifi": {
            "hashes": [
                "sha256:59b7658e26ca9c7339e00f8f4636cdfe59d34fa37b9b04f6f9e9926b3cece1a5",
                "sha256:b26104d6835d1f5e49452a26eb2ff87fe7090b89dfcaee5ea2212697e1e1d7ae"
            ],
            "version": "==2019.3.9"
        },
        "chardet": {
            "hashes": [
                "sha256:84ab92ed1c4d4f16916e05906b6b75a6c0fb5db821cc65e70cbd64a3e2a5eaae",
                "sha256:fc323ffcaeaed0e0a02bf4d117757b98aed530d9ed4531e3e15460124c106691"
            ],
            "version": "==3.0.4"
        },
        "idna": {
            "hashes": [
                "sha256:c357b3f628cf53ae2c4c05627ecc484553142ca23264e593d327bcde5e9c3407",
                "sha256:ea8b7f6188e6fa117537c3df7da9fc686d485087abf6ac197f9c46432f7e4a3c"
            ],
            "version": "==2.8"
        },
        "nltk": {
            "hashes": [
                "sha256:286f6797204ffdb52525a1d21ec0a221ec68b8e3fa4f2d25f412ac8e63c70e8d"
            ],
            "version": "==3.4"
        },
        "oauthlib": {
            "hashes": [
                "sha256:0ce32c5d989a1827e3f1148f98b9085ed2370fc939bf524c9c851d8714797298",
                "sha256:3e1e14f6cde7e5475128d30e97edc3bfb4dc857cb884d8714ec161fdbb3b358e"
            ],
            "version": "==3.0.1"
        },
        "pysocks": {
            "hashes": [
                "sha256:3fe52c55890a248676fd69dc9e3c4e811718b777834bcaab7a8125cf9deac672"
            ],
            "version": "==1.6.8"
        },
        "requests": {
            "hashes": [
                "sha256:502a824f31acdacb3a35b6690b5fbf0bc41d63a24a45c4004352b0242707598e",
                "sha256:7bf2a778576d825600030a110f3c0e3e8edc51dfaafe1c146e39a2027784957b"
            ],
            "index": "pypi",
            "version": "==2.21.0"
        },
        "requests-oauthlib": {
            "hashes": [
                "sha256:bd6533330e8748e94bf0b214775fed487d309b8b8fe823dc45641ebcd9a32f57",
                "sha256:d3ed0c8f2e3bbc6b344fa63d6f933745ab394469da38db16bdddb461c7e25140"
            ],
            "version": "==1.2.0"
        },
        "ruamel-yaml": {
            "hashes": [
                "sha256:1d38d5abf1f36a74f9244f3654f22329e4dc7b9353cc6bf921c0c2d985bba8c9",
                "sha256:2ae248d81386b6708efdae5d3c42b408e17ded66318d102174827351b23417a6",
                "sha256:4122b4ea513d1193673ff38ce8d95a4ed7717d36f342fbed811c3db93e5fff65",
                "sha256:52fcbc159977be3f4c20c2b02f7e9271eb14e460863abb9b956812e535d6750c",
                "sha256:5c132b6b944b9e9e3e763c15d0f0c199dd70600d34f4c722674be7521bc60a64",
                "sha256:5d0bf4fe48f2677f71e5d743606a26525114b83cdc100e12f075a1dfa887fe33",
                "sha256:748add3006bdc4c89b033bbb38003c2f7259456ae5ed250a0d3d453eb00e0524",
                "sha256:7b587269e7a0992d774d75628bbde8e09c1992075e5598c6f394be2f75c7de88",
                "sha256:b5d2e447e255d8ce35b47e24072f8d6f585e671955dc1a82ee104da7e7e8e9a1",
                "sha256:b98a90bd8c6717d260409efc1e9f5467f8286cf00e5f457b8d1aeac6d3e85f91",
                "sha256:c107e809bae51af407535231a92f03bdb5975ec0d0ec2a424a7974ee989310e2",
                "sha256:cc57a38a2353ffd8dc90288f96bbc8b4cf8e7c5558b118e8ccbba6157c1c2c78",
                "sha256:df522e5ae0da7f70129e4415c0a539cc641572fc8a3c28f6ac11091a1a5f3441",
                "sha256:e31c288a8950abd41fbd2d77f552641c032463ca6d5ade49a015d590af00123f",
                "sha256:e3d8451f51f0dfda4bc094c78840b7d606cc2a545942964e5f608a4d92c47a55",
                "sha256:e4c16764bf86485716578cdb003a895f8c15105847d738f17d3fe948663c711a",
                "sha256:e6027c0d24a9a7203dfc086876af980d394645d9bc5043457154e166fffdb8a1",
                "sha256:e9f27c9217f2c822abc9a724bb71be7c94747d9613c54a4880a81e7a02526ffe",
                "sha256:f44eea0e6b95b05ceaaadc8af51021ee72941d93ab11add42886045628bde0ae",
                "sha256:f9e391f82bde79beaa11f55d8f171c2b3b7f2f9c2447a9db963887fc1f3b9692",
                "sha256:faf7b304e676e84d110fe6e13a0dc094f20d993e2997d6374434a76ef5caf41e"
            ],
            "index": "pypi",
            "version": "==0.15.91"
        },
        "singledispatch": {
            "hashes": [
                "sha256:5b06af87df13818d14f08a028e42f566640aef80805c3b50c5056b086e3c2b9c",
                "sha256:833b46966687b3de7f438c761ac475213e53b306740f1abfaa86e1d1aae56aa8"
            ],
            "version": "==3.4.0.3"
        },
        "six": {
            "hashes": [
                "sha256:3350809f0555b11f552448330d0b52d5f24c91a322ea4a15ef22629740f3761c",
                "sha256:d16a0141ec1a18405cd4ce8b4613101da75da0e9a7aec5bdd4fa804d0e0eba73"
            ],
            "version": "==1.12.0"
        },
        "textblob": {
            "hashes": [
                "sha256:7ff3c00cb5a85a30132ee6768b8c68cb2b9d76432fec18cd1b3ffe2f8594ec8c",
                "sha256:b0eafd8b129c9b196c8128056caed891d64b7fa20ba570e1fcde438f4f7dd312"
            ],
            "index": "pypi",
            "version": "==0.15.3"
        },
        "tweepy": {
            "hashes": [
                "sha256:de56db37181e6ba2a375a7a81845ee6b2aee0e39a7bc8fb96a60c0370062f0a2",
                "sha256:fe85a79f58a01dd335968523b91c5fce760e7fe78bf25a6e71c72204fe499d0b"
            ],
            "index": "pypi",
            "version": "==3.7.0"
        },
        "urllib3": {
            "hashes": [
                "sha256:61bf29cada3fc2fbefad4fdf059ea4bd1b4a86d2b6d15e1c7c0b582b9752fe39",
                "sha256:de9529817c93f27c8ccbfead6985011db27bd0ddfcdb2d86f3f663385c6a9c22"
            ],
            "version": "==1.24.1"
        }
    },
    "develop": {}
}
